
Microsoft Visual Studio Solution File, Format Version 12.00
# Visual Studio 15
VisualStudioVersion = 15.0.26430.16
MinimumVisualStudioVersion = 10.0.40219.1
Project("{FAE04EC0-301F-11D3-BF4B-00C04F79EFBC}") = "01.WeekDay", "01.WeekDay\01.WeekDay.csproj", "{5C03ECC3-61B1-4F03-958D-E87AA3FFEC79}"
EndProject
Project("{FAE04EC0-301F-11D3-BF4B-00C04F79EFBC}") = "02.CoffeeMachine", "02.CoffeeMachine\02.CoffeeMachine.csproj", "{D738E9C7-7579-4BEC-8FC9-BE5810AE35F5}"
EndProject
Project("{FAE04EC0-301F-11D3-BF4B-00C04F79EFBC}") = "03.Attributes", "03.Attributes\03.Attributes.csproj", "{BE3CC271-00A9-4A73-8A8E-DCEBA9942488}"
EndProject
Project("{FAE04EC0-301F-11D3-BF4B-00C04F79EFBC}") = "04.Tracker", "04.Tracker\04.Tracker.csproj", "{FEFFAC20-DF1B-4BCB-8A48-ED4542FA0747}"
EndProject
Global
	GlobalSection(SolutionConfigurationPlatforms) = preSolution
		Debug|Any CPU = Debug|Any CPU
		Release|Any CPU = Release|Any CPU
	EndGlobalSection
	GlobalSection(ProjectConfigurationPlatforms) = postSolution
		{5C03ECC3-61B1-4F03-958D-E87AA3FFEC79}.Debug|Any CPU.ActiveCfg = Debug|Any CPU
		{5C03ECC3-61B1-4F03-958D-E87AA3FFEC79}.Debug|Any CPU.Build.0 = Debug|Any CPU
		{5C03ECC3-61B1-4F03-958D-E87AA3FFEC79}.Release|Any CPU.ActiveCfg = Release|Any CPU
		{5C03ECC3-61B1-4F03-958D-E87AA3FFEC79}.Release|Any CPU.Build.0 = Release|Any CPU
		{D738E9C7-7579-4BEC-8FC9-BE5810AE35F5}.Debug|Any CPU.ActiveCfg = Debug|Any CPU
		{D738E9C7-7579-4BEC-8FC9-BE5810AE35F5}.Debug|Any CPU.Build.0 = Debug|Any CPU
		{D738E9C7-7579-4BEC-8FC9-BE5810AE35F5}.Release|Any CPU.ActiveCfg = Release|Any CPU
		{D738E9C7-7579-4BEC-8FC9-BE5810AE35F5}.Release|Any CPU.Build.0 = Release|Any CPU
		{BE3CC271-00A9-4A73-8A8E-DCEBA9942488}.Debug|Any CPU.ActiveCfg = Debug|Any CPU
		{BE3CC271-00A9-4A73-8A8E-DCEBA9942488}.Debug|Any CPU.Build.0 = Debug|Any CPU
		{BE3CC271-00A9-4A73-8A8E-DCEBA9942488}.Release|Any CPU.ActiveCfg = Release|Any CPU
		{BE3CC271-00A9-4A73-8A8E-DCEBA9942488}.Release|Any CPU.Build.0 = Release|Any CPU
		{FEFFAC20-DF1B-4BCB-8A48-ED4542FA0747}.Debug|Any CPU.ActiveCfg = Debug|Any CPU
		{FEFFAC20-DF1B-4BCB-8A48-ED4542FA0747}.Debug|Any CPU.Build.0 = Debug|Any CPU
		{FEFFAC20-DF1B-4BCB-8A48-ED4542FA0747}.Release|Any CPU.ActiveCfg = Release|Any CPU
		{FEFFAC20-DF1B-4BCB-8A48-ED4542FA0747}.Release|Any CPU.Build.0 = Release|Any CPU
	EndGlobalSection
	GlobalSection(SolutionProperties) = preSolution
		HideSolutionNode = FALSE
	EndGlobalSection
EndGlobal
