
Microsoft Visual Studio Solution File, Format Version 12.00
# Visual Studio 15
VisualStudioVersion = 15.0.26430.6
MinimumVisualStudioVersion = 10.0.40219.1
Project("{FAE04EC0-301F-11D3-BF4B-00C04F79EFBC}") = "01.PlusRemove", "01.PlusRemove\01.PlusRemove.csproj", "{87803C8C-A894-4503-92EE-6C643B9EFEED}"
EndProject
Project("{FAE04EC0-301F-11D3-BF4B-00C04F79EFBC}") = "02.StringMatrixRotation", "02.StringMatrixRotation\02.StringMatrixRotation.csproj", "{9EFCE13E-92B5-416A-B765-258A373CD07A}"
EndProject
Project("{FAE04EC0-301F-11D3-BF4B-00C04F79EFBC}") = "02.StringMatrixRotation2", "02.StringMatrixRotation2\02.StringMatrixRotation2.csproj", "{B6E107C1-0DA1-4240-820E-274A43E0060A}"
EndProject
Project("{FAE04EC0-301F-11D3-BF4B-00C04F79EFBC}") = "03.ExtractHyperlinks", "03.ExtractHyperlinks\03.ExtractHyperlinks.csproj", "{45C46C0F-AAF4-4A21-A7EB-423C96A6B265}"
EndProject
Project("{FAE04EC0-301F-11D3-BF4B-00C04F79EFBC}") = "04.QueryMess", "04.QueryMess\04.QueryMess.csproj", "{EDD2C95E-B1E9-4D10-9526-7C009CEF65AF}"
EndProject
Project("{FAE04EC0-301F-11D3-BF4B-00C04F79EFBC}") = "04.QueryMess2", "04.QueryMess2\04.QueryMess2.csproj", "{959EDBB9-0C5C-40FB-BEFF-3735F2991CF4}"
EndProject
Project("{FAE04EC0-301F-11D3-BF4B-00C04F79EFBC}") = "05.SemanticHtml", "05.SemanticHtml\05.SemanticHtml.csproj", "{4D38858E-B6D3-43C9-B233-431C64890552}"
EndProject
Project("{FAE04EC0-301F-11D3-BF4B-00C04F79EFBC}") = "11.LittleJohn", "11.LittleJohn\11.LittleJohn.csproj", "{5591960B-7E2C-4BE1-95DF-0747F4A18DB5}"
EndProject
Project("{FAE04EC0-301F-11D3-BF4B-00C04F79EFBC}") = "11.LittleJohn2", "11.LittleJohn2\11.LittleJohn2.csproj", "{0856CEAD-4CD1-48BF-B768-101BC1862E29}"
EndProject
Project("{FAE04EC0-301F-11D3-BF4B-00C04F79EFBC}") = "06.X-Removal", "06.X-Removal\06.X-Removal.csproj", "{2FED183F-6573-4C0F-8A9D-2339EF63B5EA}"
EndProject
Project("{FAE04EC0-301F-11D3-BF4B-00C04F79EFBC}") = "07.VladkoNotebook", "07.VladkoNotebook\07.VladkoNotebook.csproj", "{04EDB37A-EAF9-4739-B29E-AA374354D1AA}"
EndProject
Project("{FAE04EC0-301F-11D3-BF4B-00C04F79EFBC}") = "07.VladkoNotebook2", "07.VladkoNotebook2\07.VladkoNotebook2.csproj", "{60B3F55B-197A-4109-8238-A25E667FFB62}"
EndProject
Project("{FAE04EC0-301F-11D3-BF4B-00C04F79EFBC}") = "08.TextGravity", "08.TextGravity\08.TextGravity.csproj", "{6D224704-D3E1-48E3-9CF4-BB9DA60AB9C9}"
EndProject
Project("{FAE04EC0-301F-11D3-BF4B-00C04F79EFBC}") = "09.UppercaseWords", "09.UppercaseWords\09.UppercaseWords.csproj", "{9C8B4562-2FA8-4F2D-AEC9-DF5A6681E222}"
EndProject
Project("{FAE04EC0-301F-11D3-BF4B-00C04F79EFBC}") = "10.ClearingCommands", "10.ClearingCommands\10.ClearingCommands.csproj", "{5D3B9E60-26D6-4ECD-BCD9-68E88252231E}"
EndProject
Project("{FAE04EC0-301F-11D3-BF4B-00C04F79EFBC}") = "12.PhoneNumbers", "12.PhoneNumbers\12.PhoneNumbers.csproj", "{046AD1D0-58FB-4B51-AC49-8A08E4F95879}"
EndProject
Project("{FAE04EC0-301F-11D3-BF4B-00C04F79EFBC}") = "13.SumOfAllValues", "13.SumOfAllValues\13.SumOfAllValues.csproj", "{C361ED6F-2EFB-4333-875A-D03465CE2C28}"
EndProject
Project("{FAE04EC0-301F-11D3-BF4B-00C04F79EFBC}") = "14.MatrixShuffle", "14.MatrixShuffle\14.MatrixShuffle.csproj", "{79218FB3-56E3-49D4-AF1E-CD70C6536CAC}"
EndProject
Project("{FAE04EC0-301F-11D3-BF4B-00C04F79EFBC}") = "15.TheNumbers", "15.TheNumbers\15.TheNumbers.csproj", "{E5CC5ADC-4211-4D95-91E7-37177F729894}"
EndProject
Project("{FAE04EC0-301F-11D3-BF4B-00C04F79EFBC}") = "16.Parachute", "16.Parachute\16.Parachute.csproj", "{9AD4722C-66AE-4525-9F7C-425FBC082D29}"
EndProject
Project("{FAE04EC0-301F-11D3-BF4B-00C04F79EFBC}") = "17.BiggestTableRow", "17.BiggestTableRow\17.BiggestTableRow.csproj", "{AC5040C0-0D89-4A05-B2A2-5C79DA2AA9F2}"
EndProject
Project("{FAE04EC0-301F-11D3-BF4B-00C04F79EFBC}") = "18.PinValidation", "18.PinValidation\18.PinValidation.csproj", "{E0828CD9-E202-4E55-B52B-F9E1D77AAE38}"
EndProject
Project("{FAE04EC0-301F-11D3-BF4B-00C04F79EFBC}") = "19.ChatLogger", "19.ChatLogger\19.ChatLogger.csproj", "{38C8285E-86A0-414D-A5D3-1B5AC5F267E6}"
EndProject
Project("{FAE04EC0-301F-11D3-BF4B-00C04F79EFBC}") = "20.MyGirl", "20.MyGirl\20.MyGirl.csproj", "{C493333E-C719-4253-AE95-7A9E03273902}"
EndProject
Project("{FAE04EC0-301F-11D3-BF4B-00C04F79EFBC}") = "21.ItVillage", "21.ItVillage\21.ItVillage.csproj", "{67F3244B-46A1-40EA-A26D-89542AD59ED5}"
EndProject
Project("{FAE04EC0-301F-11D3-BF4B-00C04F79EFBC}") = "14.MatrixShuffle2", "14.MatrixShuffle2\14.MatrixShuffle2.csproj", "{536F9116-509C-46B7-8DC7-370659AF4B51}"
EndProject
Project("{FAE04EC0-301F-11D3-BF4B-00C04F79EFBC}") = "21.ItVillage2", "21.ItVillage2\21.ItVillage2.csproj", "{ED881329-9A97-45A0-9620-52611ECB9F45}"
EndProject
Global
	GlobalSection(SolutionConfigurationPlatforms) = preSolution
		Debug|Any CPU = Debug|Any CPU
		Release|Any CPU = Release|Any CPU
	EndGlobalSection
	GlobalSection(ProjectConfigurationPlatforms) = postSolution
		{87803C8C-A894-4503-92EE-6C643B9EFEED}.Debug|Any CPU.ActiveCfg = Debug|Any CPU
		{87803C8C-A894-4503-92EE-6C643B9EFEED}.Debug|Any CPU.Build.0 = Debug|Any CPU
		{87803C8C-A894-4503-92EE-6C643B9EFEED}.Release|Any CPU.ActiveCfg = Release|Any CPU
		{87803C8C-A894-4503-92EE-6C643B9EFEED}.Release|Any CPU.Build.0 = Release|Any CPU
		{9EFCE13E-92B5-416A-B765-258A373CD07A}.Debug|Any CPU.ActiveCfg = Debug|Any CPU
		{9EFCE13E-92B5-416A-B765-258A373CD07A}.Debug|Any CPU.Build.0 = Debug|Any CPU
		{9EFCE13E-92B5-416A-B765-258A373CD07A}.Release|Any CPU.ActiveCfg = Release|Any CPU
		{9EFCE13E-92B5-416A-B765-258A373CD07A}.Release|Any CPU.Build.0 = Release|Any CPU
		{B6E107C1-0DA1-4240-820E-274A43E0060A}.Debug|Any CPU.ActiveCfg = Debug|Any CPU
		{B6E107C1-0DA1-4240-820E-274A43E0060A}.Debug|Any CPU.Build.0 = Debug|Any CPU
		{B6E107C1-0DA1-4240-820E-274A43E0060A}.Release|Any CPU.ActiveCfg = Release|Any CPU
		{B6E107C1-0DA1-4240-820E-274A43E0060A}.Release|Any CPU.Build.0 = Release|Any CPU
		{45C46C0F-AAF4-4A21-A7EB-423C96A6B265}.Debug|Any CPU.ActiveCfg = Debug|Any CPU
		{45C46C0F-AAF4-4A21-A7EB-423C96A6B265}.Debug|Any CPU.Build.0 = Debug|Any CPU
		{45C46C0F-AAF4-4A21-A7EB-423C96A6B265}.Release|Any CPU.ActiveCfg = Release|Any CPU
		{45C46C0F-AAF4-4A21-A7EB-423C96A6B265}.Release|Any CPU.Build.0 = Release|Any CPU
		{EDD2C95E-B1E9-4D10-9526-7C009CEF65AF}.Debug|Any CPU.ActiveCfg = Debug|Any CPU
		{EDD2C95E-B1E9-4D10-9526-7C009CEF65AF}.Debug|Any CPU.Build.0 = Debug|Any CPU
		{EDD2C95E-B1E9-4D10-9526-7C009CEF65AF}.Release|Any CPU.ActiveCfg = Release|Any CPU
		{EDD2C95E-B1E9-4D10-9526-7C009CEF65AF}.Release|Any CPU.Build.0 = Release|Any CPU
		{959EDBB9-0C5C-40FB-BEFF-3735F2991CF4}.Debug|Any CPU.ActiveCfg = Debug|Any CPU
		{959EDBB9-0C5C-40FB-BEFF-3735F2991CF4}.Debug|Any CPU.Build.0 = Debug|Any CPU
		{959EDBB9-0C5C-40FB-BEFF-3735F2991CF4}.Release|Any CPU.ActiveCfg = Release|Any CPU
		{959EDBB9-0C5C-40FB-BEFF-3735F2991CF4}.Release|Any CPU.Build.0 = Release|Any CPU
		{4D38858E-B6D3-43C9-B233-431C64890552}.Debug|Any CPU.ActiveCfg = Debug|Any CPU
		{4D38858E-B6D3-43C9-B233-431C64890552}.Debug|Any CPU.Build.0 = Debug|Any CPU
		{4D38858E-B6D3-43C9-B233-431C64890552}.Release|Any CPU.ActiveCfg = Release|Any CPU
		{4D38858E-B6D3-43C9-B233-431C64890552}.Release|Any CPU.Build.0 = Release|Any CPU
		{5591960B-7E2C-4BE1-95DF-0747F4A18DB5}.Debug|Any CPU.ActiveCfg = Debug|Any CPU
		{5591960B-7E2C-4BE1-95DF-0747F4A18DB5}.Debug|Any CPU.Build.0 = Debug|Any CPU
		{5591960B-7E2C-4BE1-95DF-0747F4A18DB5}.Release|Any CPU.ActiveCfg = Release|Any CPU
		{5591960B-7E2C-4BE1-95DF-0747F4A18DB5}.Release|Any CPU.Build.0 = Release|Any CPU
		{0856CEAD-4CD1-48BF-B768-101BC1862E29}.Debug|Any CPU.ActiveCfg = Debug|Any CPU
		{0856CEAD-4CD1-48BF-B768-101BC1862E29}.Debug|Any CPU.Build.0 = Debug|Any CPU
		{0856CEAD-4CD1-48BF-B768-101BC1862E29}.Release|Any CPU.ActiveCfg = Release|Any CPU
		{0856CEAD-4CD1-48BF-B768-101BC1862E29}.Release|Any CPU.Build.0 = Release|Any CPU
		{2FED183F-6573-4C0F-8A9D-2339EF63B5EA}.Debug|Any CPU.ActiveCfg = Debug|Any CPU
		{2FED183F-6573-4C0F-8A9D-2339EF63B5EA}.Debug|Any CPU.Build.0 = Debug|Any CPU
		{2FED183F-6573-4C0F-8A9D-2339EF63B5EA}.Release|Any CPU.ActiveCfg = Release|Any CPU
		{2FED183F-6573-4C0F-8A9D-2339EF63B5EA}.Release|Any CPU.Build.0 = Release|Any CPU
		{04EDB37A-EAF9-4739-B29E-AA374354D1AA}.Debug|Any CPU.ActiveCfg = Debug|Any CPU
		{04EDB37A-EAF9-4739-B29E-AA374354D1AA}.Debug|Any CPU.Build.0 = Debug|Any CPU
		{04EDB37A-EAF9-4739-B29E-AA374354D1AA}.Release|Any CPU.ActiveCfg = Release|Any CPU
		{04EDB37A-EAF9-4739-B29E-AA374354D1AA}.Release|Any CPU.Build.0 = Release|Any CPU
		{60B3F55B-197A-4109-8238-A25E667FFB62}.Debug|Any CPU.ActiveCfg = Debug|Any CPU
		{60B3F55B-197A-4109-8238-A25E667FFB62}.Debug|Any CPU.Build.0 = Debug|Any CPU
		{60B3F55B-197A-4109-8238-A25E667FFB62}.Release|Any CPU.ActiveCfg = Release|Any CPU
		{60B3F55B-197A-4109-8238-A25E667FFB62}.Release|Any CPU.Build.0 = Release|Any CPU
		{6D224704-D3E1-48E3-9CF4-BB9DA60AB9C9}.Debug|Any CPU.ActiveCfg = Debug|Any CPU
		{6D224704-D3E1-48E3-9CF4-BB9DA60AB9C9}.Debug|Any CPU.Build.0 = Debug|Any CPU
		{6D224704-D3E1-48E3-9CF4-BB9DA60AB9C9}.Release|Any CPU.ActiveCfg = Release|Any CPU
		{6D224704-D3E1-48E3-9CF4-BB9DA60AB9C9}.Release|Any CPU.Build.0 = Release|Any CPU
		{9C8B4562-2FA8-4F2D-AEC9-DF5A6681E222}.Debug|Any CPU.ActiveCfg = Debug|Any CPU
		{9C8B4562-2FA8-4F2D-AEC9-DF5A6681E222}.Debug|Any CPU.Build.0 = Debug|Any CPU
		{9C8B4562-2FA8-4F2D-AEC9-DF5A6681E222}.Release|Any CPU.ActiveCfg = Release|Any CPU
		{9C8B4562-2FA8-4F2D-AEC9-DF5A6681E222}.Release|Any CPU.Build.0 = Release|Any CPU
		{5D3B9E60-26D6-4ECD-BCD9-68E88252231E}.Debug|Any CPU.ActiveCfg = Debug|Any CPU
		{5D3B9E60-26D6-4ECD-BCD9-68E88252231E}.Debug|Any CPU.Build.0 = Debug|Any CPU
		{5D3B9E60-26D6-4ECD-BCD9-68E88252231E}.Release|Any CPU.ActiveCfg = Release|Any CPU
		{5D3B9E60-26D6-4ECD-BCD9-68E88252231E}.Release|Any CPU.Build.0 = Release|Any CPU
		{046AD1D0-58FB-4B51-AC49-8A08E4F95879}.Debug|Any CPU.ActiveCfg = Debug|Any CPU
		{046AD1D0-58FB-4B51-AC49-8A08E4F95879}.Debug|Any CPU.Build.0 = Debug|Any CPU
		{046AD1D0-58FB-4B51-AC49-8A08E4F95879}.Release|Any CPU.ActiveCfg = Release|Any CPU
		{046AD1D0-58FB-4B51-AC49-8A08E4F95879}.Release|Any CPU.Build.0 = Release|Any CPU
		{C361ED6F-2EFB-4333-875A-D03465CE2C28}.Debug|Any CPU.ActiveCfg = Debug|Any CPU
		{C361ED6F-2EFB-4333-875A-D03465CE2C28}.Debug|Any CPU.Build.0 = Debug|Any CPU
		{C361ED6F-2EFB-4333-875A-D03465CE2C28}.Release|Any CPU.ActiveCfg = Release|Any CPU
		{C361ED6F-2EFB-4333-875A-D03465CE2C28}.Release|Any CPU.Build.0 = Release|Any CPU
		{79218FB3-56E3-49D4-AF1E-CD70C6536CAC}.Debug|Any CPU.ActiveCfg = Debug|Any CPU
		{79218FB3-56E3-49D4-AF1E-CD70C6536CAC}.Debug|Any CPU.Build.0 = Debug|Any CPU
		{79218FB3-56E3-49D4-AF1E-CD70C6536CAC}.Release|Any CPU.ActiveCfg = Release|Any CPU
		{79218FB3-56E3-49D4-AF1E-CD70C6536CAC}.Release|Any CPU.Build.0 = Release|Any CPU
		{E5CC5ADC-4211-4D95-91E7-37177F729894}.Debug|Any CPU.ActiveCfg = Debug|Any CPU
		{E5CC5ADC-4211-4D95-91E7-37177F729894}.Debug|Any CPU.Build.0 = Debug|Any CPU
		{E5CC5ADC-4211-4D95-91E7-37177F729894}.Release|Any CPU.ActiveCfg = Release|Any CPU
		{E5CC5ADC-4211-4D95-91E7-37177F729894}.Release|Any CPU.Build.0 = Release|Any CPU
		{9AD4722C-66AE-4525-9F7C-425FBC082D29}.Debug|Any CPU.ActiveCfg = Debug|Any CPU
		{9AD4722C-66AE-4525-9F7C-425FBC082D29}.Debug|Any CPU.Build.0 = Debug|Any CPU
		{9AD4722C-66AE-4525-9F7C-425FBC082D29}.Release|Any CPU.ActiveCfg = Release|Any CPU
		{9AD4722C-66AE-4525-9F7C-425FBC082D29}.Release|Any CPU.Build.0 = Release|Any CPU
		{AC5040C0-0D89-4A05-B2A2-5C79DA2AA9F2}.Debug|Any CPU.ActiveCfg = Debug|Any CPU
		{AC5040C0-0D89-4A05-B2A2-5C79DA2AA9F2}.Debug|Any CPU.Build.0 = Debug|Any CPU
		{AC5040C0-0D89-4A05-B2A2-5C79DA2AA9F2}.Release|Any CPU.ActiveCfg = Release|Any CPU
		{AC5040C0-0D89-4A05-B2A2-5C79DA2AA9F2}.Release|Any CPU.Build.0 = Release|Any CPU
		{E0828CD9-E202-4E55-B52B-F9E1D77AAE38}.Debug|Any CPU.ActiveCfg = Debug|Any CPU
		{E0828CD9-E202-4E55-B52B-F9E1D77AAE38}.Debug|Any CPU.Build.0 = Debug|Any CPU
		{E0828CD9-E202-4E55-B52B-F9E1D77AAE38}.Release|Any CPU.ActiveCfg = Release|Any CPU
		{E0828CD9-E202-4E55-B52B-F9E1D77AAE38}.Release|Any CPU.Build.0 = Release|Any CPU
		{38C8285E-86A0-414D-A5D3-1B5AC5F267E6}.Debug|Any CPU.ActiveCfg = Debug|Any CPU
		{38C8285E-86A0-414D-A5D3-1B5AC5F267E6}.Debug|Any CPU.Build.0 = Debug|Any CPU
		{38C8285E-86A0-414D-A5D3-1B5AC5F267E6}.Release|Any CPU.ActiveCfg = Release|Any CPU
		{38C8285E-86A0-414D-A5D3-1B5AC5F267E6}.Release|Any CPU.Build.0 = Release|Any CPU
		{C493333E-C719-4253-AE95-7A9E03273902}.Debug|Any CPU.ActiveCfg = Debug|Any CPU
		{C493333E-C719-4253-AE95-7A9E03273902}.Debug|Any CPU.Build.0 = Debug|Any CPU
		{C493333E-C719-4253-AE95-7A9E03273902}.Release|Any CPU.ActiveCfg = Release|Any CPU
		{C493333E-C719-4253-AE95-7A9E03273902}.Release|Any CPU.Build.0 = Release|Any CPU
		{67F3244B-46A1-40EA-A26D-89542AD59ED5}.Debug|Any CPU.ActiveCfg = Debug|Any CPU
		{67F3244B-46A1-40EA-A26D-89542AD59ED5}.Debug|Any CPU.Build.0 = Debug|Any CPU
		{67F3244B-46A1-40EA-A26D-89542AD59ED5}.Release|Any CPU.ActiveCfg = Release|Any CPU
		{67F3244B-46A1-40EA-A26D-89542AD59ED5}.Release|Any CPU.Build.0 = Release|Any CPU
		{536F9116-509C-46B7-8DC7-370659AF4B51}.Debug|Any CPU.ActiveCfg = Debug|Any CPU
		{536F9116-509C-46B7-8DC7-370659AF4B51}.Debug|Any CPU.Build.0 = Debug|Any CPU
		{536F9116-509C-46B7-8DC7-370659AF4B51}.Release|Any CPU.ActiveCfg = Release|Any CPU
		{536F9116-509C-46B7-8DC7-370659AF4B51}.Release|Any CPU.Build.0 = Release|Any CPU
		{ED881329-9A97-45A0-9620-52611ECB9F45}.Debug|Any CPU.ActiveCfg = Debug|Any CPU
		{ED881329-9A97-45A0-9620-52611ECB9F45}.Debug|Any CPU.Build.0 = Debug|Any CPU
		{ED881329-9A97-45A0-9620-52611ECB9F45}.Release|Any CPU.ActiveCfg = Release|Any CPU
		{ED881329-9A97-45A0-9620-52611ECB9F45}.Release|Any CPU.Build.0 = Release|Any CPU
	EndGlobalSection
	GlobalSection(SolutionProperties) = preSolution
		HideSolutionNode = FALSE
	EndGlobalSection
EndGlobal
